
Microsoft Visual Studio Solution File, Format Version 12.00
# Visual Studio Version 17
VisualStudioVersion = 17.10.34928.147
MinimumVisualStudioVersion = 10.0.40219.1
Project("{2150E333-8FDC-42A3-9474-1A3956D46DE8}") = "Src", "Src", "{F7530755-BE64-4E4A-8CD1-C55F3CE001E2}"
EndProject
Project("{2150E333-8FDC-42A3-9474-1A3956D46DE8}") = "Tests", "Tests", "{79E4F2D6-CDD4-476F-B1BD-E3F5D18106B5}"
EndProject
Project("{FAE04EC0-301F-11D3-BF4B-00C04F79EFBC}") = "Telecomsoftware.Helper", "Src\Telecomsoftware.Helper\Telecomsoftware.Helper.csproj", "{264C3AB5-E191-4D75-B852-D2749FABC8B7}"
EndProject
Project("{FAE04EC0-301F-11D3-BF4B-00C04F79EFBC}") = "Telecomsoftware.Helper.UnitTests", "Tests\Telecomsoftware.Helper.UnitTests\Telecomsoftware.Helper.UnitTests.csproj", "{0764BB36-5EF1-4769-922C-6463DC0C53DD}"
EndProject
Global
	GlobalSection(SolutionConfigurationPlatforms) = preSolution
		Debug|Any CPU = Debug|Any CPU
		Release|Any CPU = Release|Any CPU
	EndGlobalSection
	GlobalSection(ProjectConfigurationPlatforms) = postSolution
		{264C3AB5-E191-4D75-B852-D2749FABC8B7}.Debug|Any CPU.ActiveCfg = Debug|Any CPU
		{264C3AB5-E191-4D75-B852-D2749FABC8B7}.Debug|Any CPU.Build.0 = Debug|Any CPU
		{264C3AB5-E191-4D75-B852-D2749FABC8B7}.Release|Any CPU.ActiveCfg = Release|Any CPU
		{264C3AB5-E191-4D75-B852-D2749FABC8B7}.Release|Any CPU.Build.0 = Release|Any CPU
		{0764BB36-5EF1-4769-922C-6463DC0C53DD}.Debug|Any CPU.ActiveCfg = Debug|Any CPU
		{0764BB36-5EF1-4769-922C-6463DC0C53DD}.Debug|Any CPU.Build.0 = Debug|Any CPU
		{0764BB36-5EF1-4769-922C-6463DC0C53DD}.Release|Any CPU.ActiveCfg = Release|Any CPU
		{0764BB36-5EF1-4769-922C-6463DC0C53DD}.Release|Any CPU.Build.0 = Release|Any CPU
	EndGlobalSection
	GlobalSection(SolutionProperties) = preSolution
		HideSolutionNode = FALSE
	EndGlobalSection
	GlobalSection(NestedProjects) = preSolution
		{264C3AB5-E191-4D75-B852-D2749FABC8B7} = {F7530755-BE64-4E4A-8CD1-C55F3CE001E2}
		{0764BB36-5EF1-4769-922C-6463DC0C53DD} = {79E4F2D6-CDD4-476F-B1BD-E3F5D18106B5}
	EndGlobalSection
	GlobalSection(ExtensibilityGlobals) = postSolution
		SolutionGuid = {B918F510-2E8C-453E-AAB3-19C9BE28379E}
	EndGlobalSection
EndGlobal
